
Microsoft Visual Studio Solution File, Format Version 12.00
# Visual Studio Version 17
VisualStudioVersion = 17.5.33530.505
MinimumVisualStudioVersion = 10.0.40219.1
Project("{9A19103F-16F7-4668-BE54-9A1E7A4F7556}") = "Files.EntityFrameworkCore.Extensions", "Files.EntityFrameworkCore.Extensions\Files.EntityFrameworkCore.Extensions.csproj", "{FD6FE7A5-E1CF-4495-95A6-8A4E9D5A7D8A}"
EndProject
Project("{2150E333-8FDC-42A3-9474-1A3956D46DE8}") = "Examples", "Examples", "{5289D317-A243-409C-B8EE-12FAD598AB02}"
EndProject
Project("{9A19103F-16F7-4668-BE54-9A1E7A4F7556}") = "Files.EntityFrameworkCore.Extensions.Tests", "Files.EntityFrameworkCore.Extensions.Tests\Files.EntityFrameworkCore.Extensions.Tests.csproj", "{03BD51BE-3E65-4166-9E29-DB57638461E9}"
EndProject
Project("{9A19103F-16F7-4668-BE54-9A1E7A4F7556}") = "MySql.WebApi", "Examples\MySql.WebApi\MySql.WebApi.csproj", "{93CBE7E2-E125-4A05-98E6-5D61C9016C7A}"
EndProject
Project("{9A19103F-16F7-4668-BE54-9A1E7A4F7556}") = "WebApi", "Examples\WebApi\WebApi.csproj", "{43DF2808-D0F3-428B-98DC-28328921262B}"
EndProject
Project("{FAE04EC0-301F-11D3-BF4B-00C04F79EFBC}") = "SQLite.WebApi", "Examples\SQLite.WebApi\SQLite.WebApi.csproj", "{846B27DF-33E0-4789-94C4-555D81B095F5}"
EndProject
Global
	GlobalSection(SolutionConfigurationPlatforms) = preSolution
		Debug|Any CPU = Debug|Any CPU
		Release|Any CPU = Release|Any CPU
	EndGlobalSection
	GlobalSection(ProjectConfigurationPlatforms) = postSolution
		{FD6FE7A5-E1CF-4495-95A6-8A4E9D5A7D8A}.Debug|Any CPU.ActiveCfg = Debug|Any CPU
		{FD6FE7A5-E1CF-4495-95A6-8A4E9D5A7D8A}.Debug|Any CPU.Build.0 = Debug|Any CPU
		{FD6FE7A5-E1CF-4495-95A6-8A4E9D5A7D8A}.Release|Any CPU.ActiveCfg = Release|Any CPU
		{FD6FE7A5-E1CF-4495-95A6-8A4E9D5A7D8A}.Release|Any CPU.Build.0 = Release|Any CPU
		{03BD51BE-3E65-4166-9E29-DB57638461E9}.Debug|Any CPU.ActiveCfg = Debug|Any CPU
		{03BD51BE-3E65-4166-9E29-DB57638461E9}.Debug|Any CPU.Build.0 = Debug|Any CPU
		{03BD51BE-3E65-4166-9E29-DB57638461E9}.Release|Any CPU.ActiveCfg = Release|Any CPU
		{03BD51BE-3E65-4166-9E29-DB57638461E9}.Release|Any CPU.Build.0 = Release|Any CPU
		{93CBE7E2-E125-4A05-98E6-5D61C9016C7A}.Debug|Any CPU.ActiveCfg = Debug|Any CPU
		{93CBE7E2-E125-4A05-98E6-5D61C9016C7A}.Debug|Any CPU.Build.0 = Debug|Any CPU
		{93CBE7E2-E125-4A05-98E6-5D61C9016C7A}.Release|Any CPU.ActiveCfg = Release|Any CPU
		{93CBE7E2-E125-4A05-98E6-5D61C9016C7A}.Release|Any CPU.Build.0 = Release|Any CPU
		{43DF2808-D0F3-428B-98DC-28328921262B}.Debug|Any CPU.ActiveCfg = Debug|Any CPU
		{43DF2808-D0F3-428B-98DC-28328921262B}.Debug|Any CPU.Build.0 = Debug|Any CPU
		{43DF2808-D0F3-428B-98DC-28328921262B}.Release|Any CPU.ActiveCfg = Release|Any CPU
		{43DF2808-D0F3-428B-98DC-28328921262B}.Release|Any CPU.Build.0 = Release|Any CPU
		{846B27DF-33E0-4789-94C4-555D81B095F5}.Debug|Any CPU.ActiveCfg = Debug|Any CPU
		{846B27DF-33E0-4789-94C4-555D81B095F5}.Debug|Any CPU.Build.0 = Debug|Any CPU
		{846B27DF-33E0-4789-94C4-555D81B095F5}.Release|Any CPU.ActiveCfg = Release|Any CPU
		{846B27DF-33E0-4789-94C4-555D81B095F5}.Release|Any CPU.Build.0 = Release|Any CPU
	EndGlobalSection
	GlobalSection(SolutionProperties) = preSolution
		HideSolutionNode = FALSE
	EndGlobalSection
	GlobalSection(NestedProjects) = preSolution
		{93CBE7E2-E125-4A05-98E6-5D61C9016C7A} = {5289D317-A243-409C-B8EE-12FAD598AB02}
		{43DF2808-D0F3-428B-98DC-28328921262B} = {5289D317-A243-409C-B8EE-12FAD598AB02}
		{846B27DF-33E0-4789-94C4-555D81B095F5} = {5289D317-A243-409C-B8EE-12FAD598AB02}
	EndGlobalSection
	GlobalSection(ExtensibilityGlobals) = postSolution
		SolutionGuid = {784505FC-1881-4A36-A725-2A2A740D2AC6}
	EndGlobalSection
EndGlobal
